
Microsoft Visual Studio Solution File, Format Version 12.00
# Visual Studio Version 16
VisualStudioVersion = 16.0.33328.57
MinimumVisualStudioVersion = 10.0.40219.1
Project("{FAE04EC0-301F-11D3-BF4B-00C04F79EFBC}") = "IfElse", "IfElse\IfElse.csproj", "{00F1E70A-4F64-4166-9FB2-D9C3092898C9}"
EndProject
Project("{FAE04EC0-301F-11D3-BF4B-00C04F79EFBC}") = "IfIf", "IfIf\IfIf.csproj", "{6A913241-C0F6-4335-8F94-75D52414F058}"
EndProject
Project("{FAE04EC0-301F-11D3-BF4B-00C04F79EFBC}") = "P151_ex2", "P151_ex2\P151_ex2.csproj", "{6B9FF5D9-76BD-4300-BFE2-DD859531FF2B}"
EndProject
Project("{FAE04EC0-301F-11D3-BF4B-00C04F79EFBC}") = "P151_ex3", "P151_ex3\P151_ex3.csproj", "{51CE2B07-D5FC-4BF2-9E28-4F85B38AE2A6}"
EndProject
Project("{FAE04EC0-301F-11D3-BF4B-00C04F79EFBC}") = "P151_ex4", "P151_ex4\P151_ex4.csproj", "{FE05AE00-5FDC-435C-A042-E8D8257ABD9D}"
EndProject
Project("{FAE04EC0-301F-11D3-BF4B-00C04F79EFBC}") = "P151_ex5", "P151_ex5\P151_ex5.csproj", "{2AFE2A96-5592-4B3E-A16C-6A7586ABA6F2}"
EndProject
Project("{FAE04EC0-301F-11D3-BF4B-00C04F79EFBC}") = "Switch", "P154_ex1\Switch.csproj", "{14C8D2BA-CBD5-4F70-BA41-1B6DB164E2DA}"
EndProject
Project("{FAE04EC0-301F-11D3-BF4B-00C04F79EFBC}") = "P161_ex2", "P161_ex2\P161_ex2.csproj", "{E2227216-823A-4F42-B39E-DB987E4C09AC}"
EndProject
Project("{FAE04EC0-301F-11D3-BF4B-00C04F79EFBC}") = "P161_ex3", "P161_ex3\P161_ex3.csproj", "{70DDEC9F-7EAE-477D-B1A7-AE79A97A858E}"
EndProject
Project("{FAE04EC0-301F-11D3-BF4B-00C04F79EFBC}") = "P161_ex4", "P161_ex4\P161_ex4.csproj", "{EFF1A806-FA53-4D73-989A-4955005F1FFD}"
EndProject
Project("{FAE04EC0-301F-11D3-BF4B-00C04F79EFBC}") = "P151_ex6", "P151_ex6\P151_ex6.csproj", "{7CAB8B96-4AA9-4DCA-8BDF-CA0B0348674C}"
EndProject
Project("{FAE04EC0-301F-11D3-BF4B-00C04F79EFBC}") = "While", "P163_ex1\While.csproj", "{99403148-B33A-4236-A272-181A073AFBDB}"
EndProject
Project("{FAE04EC0-301F-11D3-BF4B-00C04F79EFBC}") = "DoWhile", "DoWhile\DoWhile.csproj", "{F2B94B4F-DD8D-4606-A100-87CDA4D505CC}"
EndProject
Project("{FAE04EC0-301F-11D3-BF4B-00C04F79EFBC}") = "For", "For\For.csproj", "{869FFB56-335F-4E8A-9F71-C24FC4B035AE}"
EndProject
Project("{FAE04EC0-301F-11D3-BF4B-00C04F79EFBC}") = "ForFor", "ForFor\ForFor.csproj", "{DE970B4D-8665-4828-9F78-CE81220FE04A}"
EndProject
Project("{FAE04EC0-301F-11D3-BF4B-00C04F79EFBC}") = "Foreach", "Foreach\Foreach.csproj", "{6E688B4B-98BB-4CED-AD45-70783A0D4D52}"
EndProject
Project("{FAE04EC0-301F-11D3-BF4B-00C04F79EFBC}") = "Break", "Break\Break.csproj", "{0E24100C-A9FE-4E2D-839B-3DF7E4EFD0A3}"
EndProject
Project("{FAE04EC0-301F-11D3-BF4B-00C04F79EFBC}") = "Continue", "Continue\Continue.csproj", "{291C8C44-0E69-43B5-A0CB-3394B50CFD81}"
EndProject
Project("{FAE04EC0-301F-11D3-BF4B-00C04F79EFBC}") = "Goto", "Goto\Goto.csproj", "{A19FA613-98DD-4762-9013-7011EA20DD2F}"
EndProject
Global
	GlobalSection(SolutionConfigurationPlatforms) = preSolution
		Debug|Any CPU = Debug|Any CPU
		Release|Any CPU = Release|Any CPU
	EndGlobalSection
	GlobalSection(ProjectConfigurationPlatforms) = postSolution
		{00F1E70A-4F64-4166-9FB2-D9C3092898C9}.Debug|Any CPU.ActiveCfg = Debug|Any CPU
		{00F1E70A-4F64-4166-9FB2-D9C3092898C9}.Debug|Any CPU.Build.0 = Debug|Any CPU
		{00F1E70A-4F64-4166-9FB2-D9C3092898C9}.Release|Any CPU.ActiveCfg = Release|Any CPU
		{00F1E70A-4F64-4166-9FB2-D9C3092898C9}.Release|Any CPU.Build.0 = Release|Any CPU
		{6A913241-C0F6-4335-8F94-75D52414F058}.Debug|Any CPU.ActiveCfg = Debug|Any CPU
		{6A913241-C0F6-4335-8F94-75D52414F058}.Debug|Any CPU.Build.0 = Debug|Any CPU
		{6A913241-C0F6-4335-8F94-75D52414F058}.Release|Any CPU.ActiveCfg = Release|Any CPU
		{6A913241-C0F6-4335-8F94-75D52414F058}.Release|Any CPU.Build.0 = Release|Any CPU
		{6B9FF5D9-76BD-4300-BFE2-DD859531FF2B}.Debug|Any CPU.ActiveCfg = Debug|Any CPU
		{6B9FF5D9-76BD-4300-BFE2-DD859531FF2B}.Debug|Any CPU.Build.0 = Debug|Any CPU
		{6B9FF5D9-76BD-4300-BFE2-DD859531FF2B}.Release|Any CPU.ActiveCfg = Release|Any CPU
		{6B9FF5D9-76BD-4300-BFE2-DD859531FF2B}.Release|Any CPU.Build.0 = Release|Any CPU
		{51CE2B07-D5FC-4BF2-9E28-4F85B38AE2A6}.Debug|Any CPU.ActiveCfg = Debug|Any CPU
		{51CE2B07-D5FC-4BF2-9E28-4F85B38AE2A6}.Debug|Any CPU.Build.0 = Debug|Any CPU
		{51CE2B07-D5FC-4BF2-9E28-4F85B38AE2A6}.Release|Any CPU.ActiveCfg = Release|Any CPU
		{51CE2B07-D5FC-4BF2-9E28-4F85B38AE2A6}.Release|Any CPU.Build.0 = Release|Any CPU
		{FE05AE00-5FDC-435C-A042-E8D8257ABD9D}.Debug|Any CPU.ActiveCfg = Debug|Any CPU
		{FE05AE00-5FDC-435C-A042-E8D8257ABD9D}.Debug|Any CPU.Build.0 = Debug|Any CPU
		{FE05AE00-5FDC-435C-A042-E8D8257ABD9D}.Release|Any CPU.ActiveCfg = Release|Any CPU
		{FE05AE00-5FDC-435C-A042-E8D8257ABD9D}.Release|Any CPU.Build.0 = Release|Any CPU
		{2AFE2A96-5592-4B3E-A16C-6A7586ABA6F2}.Debug|Any CPU.ActiveCfg = Debug|Any CPU
		{2AFE2A96-5592-4B3E-A16C-6A7586ABA6F2}.Debug|Any CPU.Build.0 = Debug|Any CPU
		{2AFE2A96-5592-4B3E-A16C-6A7586ABA6F2}.Release|Any CPU.ActiveCfg = Release|Any CPU
		{2AFE2A96-5592-4B3E-A16C-6A7586ABA6F2}.Release|Any CPU.Build.0 = Release|Any CPU
		{14C8D2BA-CBD5-4F70-BA41-1B6DB164E2DA}.Debug|Any CPU.ActiveCfg = Debug|Any CPU
		{14C8D2BA-CBD5-4F70-BA41-1B6DB164E2DA}.Debug|Any CPU.Build.0 = Debug|Any CPU
		{14C8D2BA-CBD5-4F70-BA41-1B6DB164E2DA}.Release|Any CPU.ActiveCfg = Release|Any CPU
		{14C8D2BA-CBD5-4F70-BA41-1B6DB164E2DA}.Release|Any CPU.Build.0 = Release|Any CPU
		{E2227216-823A-4F42-B39E-DB987E4C09AC}.Debug|Any CPU.ActiveCfg = Debug|Any CPU
		{E2227216-823A-4F42-B39E-DB987E4C09AC}.Debug|Any CPU.Build.0 = Debug|Any CPU
		{E2227216-823A-4F42-B39E-DB987E4C09AC}.Release|Any CPU.ActiveCfg = Release|Any CPU
		{E2227216-823A-4F42-B39E-DB987E4C09AC}.Release|Any CPU.Build.0 = Release|Any CPU
		{70DDEC9F-7EAE-477D-B1A7-AE79A97A858E}.Debug|Any CPU.ActiveCfg = Debug|Any CPU
		{70DDEC9F-7EAE-477D-B1A7-AE79A97A858E}.Debug|Any CPU.Build.0 = Debug|Any CPU
		{70DDEC9F-7EAE-477D-B1A7-AE79A97A858E}.Release|Any CPU.ActiveCfg = Release|Any CPU
		{70DDEC9F-7EAE-477D-B1A7-AE79A97A858E}.Release|Any CPU.Build.0 = Release|Any CPU
		{EFF1A806-FA53-4D73-989A-4955005F1FFD}.Debug|Any CPU.ActiveCfg = Debug|Any CPU
		{EFF1A806-FA53-4D73-989A-4955005F1FFD}.Debug|Any CPU.Build.0 = Debug|Any CPU
		{EFF1A806-FA53-4D73-989A-4955005F1FFD}.Release|Any CPU.ActiveCfg = Release|Any CPU
		{EFF1A806-FA53-4D73-989A-4955005F1FFD}.Release|Any CPU.Build.0 = Release|Any CPU
		{7CAB8B96-4AA9-4DCA-8BDF-CA0B0348674C}.Debug|Any CPU.ActiveCfg = Debug|Any CPU
		{7CAB8B96-4AA9-4DCA-8BDF-CA0B0348674C}.Debug|Any CPU.Build.0 = Debug|Any CPU
		{7CAB8B96-4AA9-4DCA-8BDF-CA0B0348674C}.Release|Any CPU.ActiveCfg = Release|Any CPU
		{7CAB8B96-4AA9-4DCA-8BDF-CA0B0348674C}.Release|Any CPU.Build.0 = Release|Any CPU
		{99403148-B33A-4236-A272-181A073AFBDB}.Debug|Any CPU.ActiveCfg = Debug|Any CPU
		{99403148-B33A-4236-A272-181A073AFBDB}.Debug|Any CPU.Build.0 = Debug|Any CPU
		{99403148-B33A-4236-A272-181A073AFBDB}.Release|Any CPU.ActiveCfg = Release|Any CPU
		{99403148-B33A-4236-A272-181A073AFBDB}.Release|Any CPU.Build.0 = Release|Any CPU
		{F2B94B4F-DD8D-4606-A100-87CDA4D505CC}.Debug|Any CPU.ActiveCfg = Debug|Any CPU
		{F2B94B4F-DD8D-4606-A100-87CDA4D505CC}.Debug|Any CPU.Build.0 = Debug|Any CPU
		{F2B94B4F-DD8D-4606-A100-87CDA4D505CC}.Release|Any CPU.ActiveCfg = Release|Any CPU
		{F2B94B4F-DD8D-4606-A100-87CDA4D505CC}.Release|Any CPU.Build.0 = Release|Any CPU
		{869FFB56-335F-4E8A-9F71-C24FC4B035AE}.Debug|Any CPU.ActiveCfg = Debug|Any CPU
		{869FFB56-335F-4E8A-9F71-C24FC4B035AE}.Debug|Any CPU.Build.0 = Debug|Any CPU
		{869FFB56-335F-4E8A-9F71-C24FC4B035AE}.Release|Any CPU.ActiveCfg = Release|Any CPU
		{869FFB56-335F-4E8A-9F71-C24FC4B035AE}.Release|Any CPU.Build.0 = Release|Any CPU
		{DE970B4D-8665-4828-9F78-CE81220FE04A}.Debug|Any CPU.ActiveCfg = Debug|Any CPU
		{DE970B4D-8665-4828-9F78-CE81220FE04A}.Debug|Any CPU.Build.0 = Debug|Any CPU
		{DE970B4D-8665-4828-9F78-CE81220FE04A}.Release|Any CPU.ActiveCfg = Release|Any CPU
		{DE970B4D-8665-4828-9F78-CE81220FE04A}.Release|Any CPU.Build.0 = Release|Any CPU
		{6E688B4B-98BB-4CED-AD45-70783A0D4D52}.Debug|Any CPU.ActiveCfg = Debug|Any CPU
		{6E688B4B-98BB-4CED-AD45-70783A0D4D52}.Debug|Any CPU.Build.0 = Debug|Any CPU
		{6E688B4B-98BB-4CED-AD45-70783A0D4D52}.Release|Any CPU.ActiveCfg = Release|Any CPU
		{6E688B4B-98BB-4CED-AD45-70783A0D4D52}.Release|Any CPU.Build.0 = Release|Any CPU
		{0E24100C-A9FE-4E2D-839B-3DF7E4EFD0A3}.Debug|Any CPU.ActiveCfg = Debug|Any CPU
		{0E24100C-A9FE-4E2D-839B-3DF7E4EFD0A3}.Debug|Any CPU.Build.0 = Debug|Any CPU
		{0E24100C-A9FE-4E2D-839B-3DF7E4EFD0A3}.Release|Any CPU.ActiveCfg = Release|Any CPU
		{0E24100C-A9FE-4E2D-839B-3DF7E4EFD0A3}.Release|Any CPU.Build.0 = Release|Any CPU
		{291C8C44-0E69-43B5-A0CB-3394B50CFD81}.Debug|Any CPU.ActiveCfg = Debug|Any CPU
		{291C8C44-0E69-43B5-A0CB-3394B50CFD81}.Debug|Any CPU.Build.0 = Debug|Any CPU
		{291C8C44-0E69-43B5-A0CB-3394B50CFD81}.Release|Any CPU.ActiveCfg = Release|Any CPU
		{291C8C44-0E69-43B5-A0CB-3394B50CFD81}.Release|Any CPU.Build.0 = Release|Any CPU
		{A19FA613-98DD-4762-9013-7011EA20DD2F}.Debug|Any CPU.ActiveCfg = Debug|Any CPU
		{A19FA613-98DD-4762-9013-7011EA20DD2F}.Debug|Any CPU.Build.0 = Debug|Any CPU
		{A19FA613-98DD-4762-9013-7011EA20DD2F}.Release|Any CPU.ActiveCfg = Release|Any CPU
		{A19FA613-98DD-4762-9013-7011EA20DD2F}.Release|Any CPU.Build.0 = Release|Any CPU
	EndGlobalSection
	GlobalSection(SolutionProperties) = preSolution
		HideSolutionNode = FALSE
	EndGlobalSection
	GlobalSection(ExtensibilityGlobals) = postSolution
		SolutionGuid = {54A29CE3-595B-4D11-A1F6-4E502E3C9B94}
	EndGlobalSection
EndGlobal
