
Microsoft Visual Studio Solution File, Format Version 12.00
# Visual Studio Version 16
VisualStudioVersion = 16.0.33328.57
MinimumVisualStudioVersion = 10.0.40219.1
Project("{FAE04EC0-301F-11D3-BF4B-00C04F79EFBC}") = "IfElse", "IfElse\IfElse.csproj", "{00F1E70A-4F64-4166-9FB2-D9C3092898C9}"
EndProject
Global
	GlobalSection(SolutionConfigurationPlatforms) = preSolution
		Debug|Any CPU = Debug|Any CPU
		Release|Any CPU = Release|Any CPU
	EndGlobalSection
	GlobalSection(ProjectConfigurationPlatforms) = postSolution
		{00F1E70A-4F64-4166-9FB2-D9C3092898C9}.Debug|Any CPU.ActiveCfg = Debug|Any CPU
		{00F1E70A-4F64-4166-9FB2-D9C3092898C9}.Debug|Any CPU.Build.0 = Debug|Any CPU
		{00F1E70A-4F64-4166-9FB2-D9C3092898C9}.Release|Any CPU.ActiveCfg = Release|Any CPU
		{00F1E70A-4F64-4166-9FB2-D9C3092898C9}.Release|Any CPU.Build.0 = Release|Any CPU
	EndGlobalSection
	GlobalSection(SolutionProperties) = preSolution
		HideSolutionNode = FALSE
	EndGlobalSection
	GlobalSection(ExtensibilityGlobals) = postSolution
		SolutionGuid = {54A29CE3-595B-4D11-A1F6-4E502E3C9B94}
	EndGlobalSection
EndGlobal
